// !$*UTF8*$!
{
	archiveVersion = 1;
	classes = {
	};
	objectVersion = 51;
	objects = {

/* Begin PBXBuildFile section */
		2786C685F7361F5FB5D72BEF /* Pods_YoutubeApp.framework in Frameworks */ = {isa = PBXBuildFile; fileRef = 11942A67B36D353FEEE74F11 /* Pods_YoutubeApp.framework */; };
		E2DAF914242A62E900719AA6 /* AppDelegate.swift in Sources */ = {isa = PBXBuildFile; fileRef = E2DAF913242A62E900719AA6 /* AppDelegate.swift */; };
		E2DAF916242A62E900719AA6 /* SceneDelegate.swift in Sources */ = {isa = PBXBuildFile; fileRef = E2DAF915242A62E900719AA6 /* SceneDelegate.swift */; };
		E2DAF918242A62E900719AA6 /* ViewController.swift in Sources */ = {isa = PBXBuildFile; fileRef = E2DAF917242A62E900719AA6 /* ViewController.swift */; };
		E2DAF91B242A62E900719AA6 /* Main.storyboard in Resources */ = {isa = PBXBuildFile; fileRef = E2DAF919242A62E900719AA6 /* Main.storyboard */; };
		E2DAF91D242A62EB00719AA6 /* Assets.xcassets in Resources */ = {isa = PBXBuildFile; fileRef = E2DAF91C242A62EB00719AA6 /* Assets.xcassets */; };
		E2DAF920242A62EB00719AA6 /* LaunchScreen.storyboard in Resources */ = {isa = PBXBuildFile; fileRef = E2DAF91E242A62EB00719AA6 /* LaunchScreen.storyboard */; };
		E2DAF928242AC6F000719AA6 /* VideoTableViewCell.swift in Sources */ = {isa = PBXBuildFile; fileRef = E2DAF927242AC6F000719AA6 /* VideoTableViewCell.swift */; };
		E2DAF92E242AFFBF00719AA6 /* VideoViewController.swift in Sources */ = {isa = PBXBuildFile; fileRef = E2DAF92D242AFFBF00719AA6 /* VideoViewController.swift */; };
		E2DAF93B242B109F00719AA6 /* VideoViewViewController.m in Sources */ = {isa = PBXBuildFile; fileRef = E2DAF93A242B109F00719AA6 /* VideoViewViewController.m */; };
/* End PBXBuildFile section */

/* Begin PBXFileReference section */
		11942A67B36D353FEEE74F11 /* Pods_YoutubeApp.framework */ = {isa = PBXFileReference; explicitFileType = wrapper.framework; includeInIndex = 0; path = Pods_YoutubeApp.framework; sourceTree = BUILT_PRODUCTS_DIR; };
		2FA75F95A8D15A67B61D35FE /* Pods-YoutubeApp.release.xcconfig */ = {isa = PBXFileReference; includeInIndex = 1; lastKnownFileType = text.xcconfig; name = "Pods-YoutubeApp.release.xcconfig"; path = "Target Support Files/Pods-YoutubeApp/Pods-YoutubeApp.release.xcconfig"; sourceTree = "<group>"; };
		DAEBB266606A67B68F7ADAF9 /* Pods-YoutubeApp.debug.xcconfig */ = {isa = PBXFileReference; includeInIndex = 1; lastKnownFileType = text.xcconfig; name = "Pods-YoutubeApp.debug.xcconfig"; path = "Target Support Files/Pods-YoutubeApp/Pods-YoutubeApp.debug.xcconfig"; sourceTree = "<group>"; };
		E2DAF910242A62E900719AA6 /* YoutubeApp.app */ = {isa = PBXFileReference; explicitFileType = wrapper.application; includeInIndex = 0; path = YoutubeApp.app; sourceTree = BUILT_PRODUCTS_DIR; };
		E2DAF913242A62E900719AA6 /* AppDelegate.swift */ = {isa = PBXFileReference; lastKnownFileType = sourcecode.swift; path = AppDelegate.swift; sourceTree = "<group>"; };
		E2DAF915242A62E900719AA6 /* SceneDelegate.swift */ = {isa = PBXFileReference; lastKnownFileType = sourcecode.swift; path = SceneDelegate.swift; sourceTree = "<group>"; };
		E2DAF917242A62E900719AA6 /* ViewController.swift */ = {isa = PBXFileReference; lastKnownFileType = sourcecode.swift; path = ViewController.swift; sourceTree = "<group>"; };
		E2DAF91A242A62E900719AA6 /* Base */ = {isa = PBXFileReference; lastKnownFileType = file.storyboard; name = Base; path = Base.lproj/Main.storyboard; sourceTree = "<group>"; };
		E2DAF91C242A62EB00719AA6 /* Assets.xcassets */ = {isa = PBXFileReference; lastKnownFileType = folder.assetcatalog; path = Assets.xcassets; sourceTree = "<group>"; };
		E2DAF91F242A62EB00719AA6 /* Base */ = {isa = PBXFileReference; lastKnownFileType = file.storyboard; name = Base; path = Base.lproj/LaunchScreen.storyboard; sourceTree = "<group>"; };
		E2DAF921242A62EB00719AA6 /* Info.plist */ = {isa = PBXFileReference; lastKnownFileType = text.plist.xml; path = Info.plist; sourceTree = "<group>"; };
		E2DAF927242AC6F000719AA6 /* VideoTableViewCell.swift */ = {isa = PBXFileReference; lastKnownFileType = sourcecode.swift; path = VideoTableViewCell.swift; sourceTree = "<group>"; };
		E2DAF92D242AFFBF00719AA6 /* VideoViewController.swift */ = {isa = PBXFileReference; lastKnownFileType = sourcecode.swift; path = VideoViewController.swift; sourceTree = "<group>"; };
		E2DAF939242B109F00719AA6 /* VideoViewViewController.h */ = {isa = PBXFileReference; lastKnownFileType = sourcecode.c.h; path = VideoViewViewController.h; sourceTree = "<group>"; };
		E2DAF93A242B109F00719AA6 /* VideoViewViewController.m */ = {isa = PBXFileReference; lastKnownFileType = sourcecode.c.objc; path = VideoViewViewController.m; sourceTree = "<group>"; };
		E2DAF93C242B127500719AA6 /* YoutubeApp-Bridging-Header file.h */ = {isa = PBXFileReference; lastKnownFileType = sourcecode.c.h; path = "YoutubeApp-Bridging-Header file.h"; sourceTree = "<group>"; };
/* End PBXFileReference section */

/* Begin PBXFrameworksBuildPhase section */
		E2DAF90D242A62E900719AA6 /* Frameworks */ = {
			isa = PBXFrameworksBuildPhase;
			buildActionMask = 2147483647;
			files = (
				2786C685F7361F5FB5D72BEF /* Pods_YoutubeApp.framework in Frameworks */,
			);
			runOnlyForDeploymentPostprocessing = 0;
		};
/* End PBXFrameworksBuildPhase section */

/* Begin PBXGroup section */
		814C96E08D259A7802FC7A32 /* Pods */ = {
			isa = PBXGroup;
			children = (
				DAEBB266606A67B68F7ADAF9 /* Pods-YoutubeApp.debug.xcconfig */,
				2FA75F95A8D15A67B61D35FE /* Pods-YoutubeApp.release.xcconfig */,
			);
			path = Pods;
			sourceTree = "<group>";
		};
		BED2D86953B0AF12EEBCEA82 /* Frameworks */ = {
			isa = PBXGroup;
			children = (
				11942A67B36D353FEEE74F11 /* Pods_YoutubeApp.framework */,
			);
			name = Frameworks;
			sourceTree = "<group>";
		};
		E2DAF907242A62E900719AA6 = {
			isa = PBXGroup;
			children = (
				E2DAF912242A62E900719AA6 /* YoutubeApp */,
				E2DAF911242A62E900719AA6 /* Products */,
				814C96E08D259A7802FC7A32 /* Pods */,
				BED2D86953B0AF12EEBCEA82 /* Frameworks */,
			);
			sourceTree = "<group>";
		};
		E2DAF911242A62E900719AA6 /* Products */ = {
			isa = PBXGroup;
			children = (
				E2DAF910242A62E900719AA6 /* YoutubeApp.app */,
			);
			name = Products;
			sourceTree = "<group>";
		};
		E2DAF912242A62E900719AA6 /* YoutubeApp */ = {
			isa = PBXGroup;
			children = (
				E2DAF913242A62E900719AA6 /* AppDelegate.swift */,
				E2DAF915242A62E900719AA6 /* SceneDelegate.swift */,
				E2DAF917242A62E900719AA6 /* ViewController.swift */,
				E2DAF919242A62E900719AA6 /* Main.storyboard */,
				E2DAF91C242A62EB00719AA6 /* Assets.xcassets */,
				E2DAF91E242A62EB00719AA6 /* LaunchScreen.storyboard */,
				E2DAF921242A62EB00719AA6 /* Info.plist */,
				E2DAF927242AC6F000719AA6 /* VideoTableViewCell.swift */,
				E2DAF92D242AFFBF00719AA6 /* VideoViewController.swift */,
				E2DAF939242B109F00719AA6 /* VideoViewViewController.h */,
				E2DAF93A242B109F00719AA6 /* VideoViewViewController.m */,
				E2DAF93C242B127500719AA6 /* YoutubeApp-Bridging-Header file.h */,
			);
			path = YoutubeApp;
			sourceTree = "<group>";
		};
/* End PBXGroup section */

/* Begin PBXNativeTarget section */
		E2DAF90F242A62E900719AA6 /* YoutubeApp */ = {
			isa = PBXNativeTarget;
			buildConfigurationList = E2DAF924242A62EB00719AA6 /* Build configuration list for PBXNativeTarget "YoutubeApp" */;
			buildPhases = (
				DB4738AF6A62DFC0CA3FF1A9 /* [CP] Check Pods Manifest.lock */,
				E2DAF90C242A62E900719AA6 /* Sources */,
				E2DAF90D242A62E900719AA6 /* Frameworks */,
				E2DAF90E242A62E900719AA6 /* Resources */,
				FEBDDA2E079B04582F4EC9DA /* [CP] Embed Pods Frameworks */,
			);
			buildRules = (
			);
			dependencies = (
			);
			name = YoutubeApp;
			productName = YoutubeApp;
			productReference = E2DAF910242A62E900719AA6 /* YoutubeApp.app */;
			productType = "com.apple.product-type.application";
		};
/* End PBXNativeTarget section */

/* Begin PBXProject section */
		E2DAF908242A62E900719AA6 /* Project object */ = {
			isa = PBXProject;
			attributes = {
				LastSwiftUpdateCheck = 1130;
				LastUpgradeCheck = 1130;
				ORGANIZATIONNAME = Ahmed;
				TargetAttributes = {
					E2DAF90F242A62E900719AA6 = {
						CreatedOnToolsVersion = 11.3;
						LastSwiftMigration = 1130;
					};
				};
			};
			buildConfigurationList = E2DAF90B242A62E900719AA6 /* Build configuration list for PBXProject "YoutubeApp" */;
			compatibilityVersion = "Xcode 9.3";
			developmentRegion = en;
			hasScannedForEncodings = 0;
			knownRegions = (
				en,
				Base,
			);
			mainGroup = E2DAF907242A62E900719AA6;
			productRefGroup = E2DAF911242A62E900719AA6 /* Products */;
			projectDirPath = "";
			projectRoot = "";
			targets = (
				E2DAF90F242A62E900719AA6 /* YoutubeApp */,
			);
		};
/* End PBXProject section */

/* Begin PBXResourcesBuildPhase section */
		E2DAF90E242A62E900719AA6 /* Resources */ = {
			isa = PBXResourcesBuildPhase;
			buildActionMask = 2147483647;
			files = (
				E2DAF920242A62EB00719AA6 /* LaunchScreen.storyboard in Resources */,
				E2DAF91D242A62EB00719AA6 /* Assets.xcassets in Resources */,
				E2DAF91B242A62E900719AA6 /* Main.storyboard in Resources */,
			);
			runOnlyForDeploymentPostprocessing = 0;
		};
/* End PBXResourcesBuildPhase section */

/* Begin PBXShellScriptBuildPhase section */
		DB4738AF6A62DFC0CA3FF1A9 /* [CP] Check Pods Manifest.lock */ = {
			isa = PBXShellScriptBuildPhase;
			buildActionMask = 2147483647;
			files = (
			);
			inputFileListPaths = (
			);
			inputPaths = (
				"${PODS_PODFILE_DIR_PATH}/Podfile.lock",
				"${PODS_ROOT}/Manifest.lock",
			);
			name = "[CP] Check Pods Manifest.lock";
			outputFileListPaths = (
			);
			outputPaths = (
				"$(DERIVED_FILE_DIR)/Pods-YoutubeApp-checkManifestLockResult.txt",
			);
			runOnlyForDeploymentPostprocessing = 0;
			shellPath = /bin/sh;
			shellScript = "diff \"${PODS_PODFILE_DIR_PATH}/Podfile.lock\" \"${PODS_ROOT}/Manifest.lock\" > /dev/null\nif [ $? != 0 ] ; then\n    # print error to STDERR\n    echo \"error: The sandbox is not in sync with the Podfile.lock. Run 'pod install' or update your CocoaPods installation.\" >&2\n    exit 1\nfi\n# This output is used by Xcode 'outputs' to avoid re-running this script phase.\necho \"SUCCESS\" > \"${SCRIPT_OUTPUT_FILE_0}\"\n";
			showEnvVarsInLog = 0;
		};
		FEBDDA2E079B04582F4EC9DA /* [CP] Embed Pods Frameworks */ = {
			isa = PBXShellScriptBuildPhase;
			buildActionMask = 2147483647;
			files = (
			);
			inputFileListPaths = (
				"${PODS_ROOT}/Target Support Files/Pods-YoutubeApp/Pods-YoutubeApp-frameworks-${CONFIGURATION}-input-files.xcfilelist",
			);
			name = "[CP] Embed Pods Frameworks";
			outputFileListPaths = (
				"${PODS_ROOT}/Target Support Files/Pods-YoutubeApp/Pods-YoutubeApp-frameworks-${CONFIGURATION}-output-files.xcfilelist",
			);
			runOnlyForDeploymentPostprocessing = 0;
			shellPath = /bin/sh;
			shellScript = "\"${PODS_ROOT}/Target Support Files/Pods-YoutubeApp/Pods-YoutubeApp-frameworks.sh\"\n";
			showEnvVarsInLog = 0;
		};
/* End PBXShellScriptBuildPhase section */

/* Begin PBXSourcesBuildPhase section */
		E2DAF90C242A62E900719AA6 /* Sources */ = {
			isa = PBXSourcesBuildPhase;
			buildActionMask = 2147483647;
			files = (
				E2DAF918242A62E900719AA6 /* ViewController.swift in Sources */,
				E2DAF928242AC6F000719AA6 /* VideoTableViewCell.swift in Sources */,
				E2DAF914242A62E900719AA6 /* AppDelegate.swift in Sources */,
				E2DAF92E242AFFBF00719AA6 /* VideoViewController.swift in Sources */,
				E2DAF916242A62E900719AA6 /* SceneDelegate.swift in Sources */,
				E2DAF93B242B109F00719AA6 /* VideoViewViewController.m in Sources */,
			);
			runOnlyForDeploymentPostprocessing = 0;
		};
/* End PBXSourcesBuildPhase section */

/* Begin PBXVariantGroup section */
		E2DAF919242A62E900719AA6 /* Main.storyboard */ = {
			isa = PBXVariantGroup;
			children = (
				E2DAF91A242A62E900719AA6 /* Base */,
			);
			name = Main.storyboard;
			sourceTree = "<group>";
		};
		E2DAF91E242A62EB00719AA6 /* LaunchScreen.storyboard */ = {
			isa = PBXVariantGroup;
			children = (
				E2DAF91F242A62EB00719AA6 /* Base */,
			);
			name = LaunchScreen.storyboard;
			sourceTree = "<group>";
		};
/* End PBXVariantGroup section */

/* Begin XCBuildConfiguration section */
		E2DAF922242A62EB00719AA6 /* Debug */ = {
			isa = XCBuildConfiguration;
			buildSettings = {
				ALWAYS_SEARCH_USER_PATHS = NO;
				CLANG_ANALYZER_NONNULL = YES;
				CLANG_ANALYZER_NUMBER_OBJECT_CONVERSION = YES_AGGRESSIVE;
				CLANG_CXX_LANGUAGE_STANDARD = "gnu++14";
				CLANG_CXX_LIBRARY = "libc++";
				CLANG_ENABLE_MODULES = YES;
				CLANG_ENABLE_OBJC_ARC = YES;
				CLANG_ENABLE_OBJC_WEAK = YES;
				CLANG_WARN_BLOCK_CAPTURE_AUTORELEASING = YES;
				CLANG_WARN_BOOL_CONVERSION = YES;
				CLANG_WARN_COMMA = YES;
				CLANG_WARN_CONSTANT_CONVERSION = YES;
				CLANG_WARN_DEPRECATED_OBJC_IMPLEMENTATIONS = YES;
				CLANG_WARN_DIRECT_OBJC_ISA_USAGE = YES_ERROR;
				CLANG_WARN_DOCUMENTATION_COMMENTS = YES;
				CLANG_WARN_EMPTY_BODY = YES;
				CLANG_WARN_ENUM_CONVERSION = YES;
				CLANG_WARN_INFINITE_RECURSION = YES;
				CLANG_WARN_INT_CONVERSION = YES;
				CLANG_WARN_NON_LITERAL_NULL_CONVERSION = YES;
				CLANG_WARN_OBJC_IMPLICIT_RETAIN_SELF = YES;
				CLANG_WARN_OBJC_LITERAL_CONVERSION = YES;
				CLANG_WARN_OBJC_ROOT_CLASS = YES_ERROR;
				CLANG_WARN_RANGE_LOOP_ANALYSIS = YES;
				CLANG_WARN_STRICT_PROTOTYPES = YES;
				CLANG_WARN_SUSPICIOUS_MOVE = YES;
				CLANG_WARN_UNGUARDED_AVAILABILITY = YES_AGGRESSIVE;
				CLANG_WARN_UNREACHABLE_CODE = YES;
				CLANG_WARN__DUPLICATE_METHOD_MATCH = YES;
				COPY_PHASE_STRIP = NO;
				DEBUG_INFORMATION_FORMAT = dwarf;
				ENABLE_STRICT_OBJC_MSGSEND = YES;
				ENABLE_TESTABILITY = YES;
				GCC_C_LANGUAGE_STANDARD = gnu11;
				GCC_DYNAMIC_NO_PIC = NO;
				GCC_NO_COMMON_BLOCKS = YES;
				GCC_OPTIMIZATION_LEVEL = 0;
				GCC_PREPROCESSOR_DEFINITIONS = (
					"DEBUG=1",
					"$(inherited)",
				);
				GCC_WARN_64_TO_32_BIT_CONVERSION = YES;
				GCC_WARN_ABOUT_RETURN_TYPE = YES_ERROR;
				GCC_WARN_UNDECLARED_SELECTOR = YES;
				GCC_WARN_UNINITIALIZED_AUTOS = YES_AGGRESSIVE;
				GCC_WARN_UNUSED_FUNCTION = YES;
				GCC_WARN_UNUSED_VARIABLE = YES;
				IPHONEOS_DEPLOYMENT_TARGET = 13.2;
				MTL_ENABLE_DEBUG_INFO = INCLUDE_SOURCE;
				MTL_FAST_MATH = YES;
				ONLY_ACTIVE_ARCH = YES;
				SDKROOT = iphoneos;
				SWIFT_ACTIVE_COMPILATION_CONDITIONS = DEBUG;
				SWIFT_OPTIMIZATION_LEVEL = "-Onone";
			};
			name = Debug;
		};
		E2DAF923242A62EB00719AA6 /* Release */ = {
			isa = XCBuildConfiguration;
			buildSettings = {
				ALWAYS_SEARCH_USER_PATHS = NO;
				CLANG_ANALYZER_NONNULL = YES;
				CLANG_ANALYZER_NUMBER_OBJECT_CONVERSION = YES_AGGRESSIVE;
				CLANG_CXX_LANGUAGE_STANDARD = "gnu++14";
				CLANG_CXX_LIBRARY = "libc++";
				CLANG_ENABLE_MODULES = YES;
				CLANG_ENABLE_OBJC_ARC = YES;
				CLANG_ENABLE_OBJC_WEAK = YES;
				CLANG_WARN_BLOCK_CAPTURE_AUTORELEASING = YES;
				CLANG_WARN_BOOL_CONVERSION = YES;
				CLANG_WARN_COMMA = YES;
				CLANG_WARN_CONSTANT_CONVERSION = YES;
				CLANG_WARN_DEPRECATED_OBJC_IMPLEMENTATIONS = YES;
				CLANG_WARN_DIRECT_OBJC_ISA_USAGE = YES_ERROR;
				CLANG_WARN_DOCUMENTATION_COMMENTS = YES;
				CLANG_WARN_EMPTY_BODY = YES;
				CLANG_WARN_ENUM_CONVERSION = YES;
				CLANG_WARN_INFINITE_RECURSION = YES;
				CLANG_WARN_INT_CONVERSION = YES;
				CLANG_WARN_NON_LITERAL_NULL_CONVERSION = YES;
				CLANG_WARN_OBJC_IMPLICIT_RETAIN_SELF = YES;
				CLANG_WARN_OBJC_LITERAL_CONVERSION = YES;
				CLANG_WARN_OBJC_ROOT_CLASS = YES_ERROR;
				CLANG_WARN_RANGE_LOOP_ANALYSIS = YES;
				CLANG_WARN_STRICT_PROTOTYPES = YES;
				CLANG_WARN_SUSPICIOUS_MOVE = YES;
				CLANG_WARN_UNGUARDED_AVAILABILITY = YES_AGGRESSIVE;
				CLANG_WARN_UNREACHABLE_CODE = YES;
				CLANG_WARN__DUPLICATE_METHOD_MATCH = YES;
				COPY_PHASE_STRIP = NO;
				DEBUG_INFORMATION_FORMAT = "dwarf-with-dsym";
				ENABLE_NS_ASSERTIONS = NO;
				ENABLE_STRICT_OBJC_MSGSEND = YES;
				GCC_C_LANGUAGE_STANDARD = gnu11;
				GCC_NO_COMMON_BLOCKS = YES;
				GCC_WARN_64_TO_32_BIT_CONVERSION = YES;
				GCC_WARN_ABOUT_RETURN_TYPE = YES_ERROR;
				GCC_WARN_UNDECLARED_SELECTOR = YES;
				GCC_WARN_UNINITIALIZED_AUTOS = YES_AGGRESSIVE;
				GCC_WARN_UNUSED_FUNCTION = YES;
				GCC_WARN_UNUSED_VARIABLE = YES;
				IPHONEOS_DEPLOYMENT_TARGET = 13.2;
				MTL_ENABLE_DEBUG_INFO = NO;
				MTL_FAST_MATH = YES;
				SDKROOT = iphoneos;
				SWIFT_COMPILATION_MODE = wholemodule;
				SWIFT_OPTIMIZATION_LEVEL = "-O";
				VALIDATE_PRODUCT = YES;
			};
			name = Release;
		};
		E2DAF925242A62EB00719AA6 /* Debug */ = {
			isa = XCBuildConfiguration;
			baseConfigurationReference = DAEBB266606A67B68F7ADAF9 /* Pods-YoutubeApp.debug.xcconfig */;
			buildSettings = {
				ASSETCATALOG_COMPILER_APPICON_NAME = AppIcon;
				CLANG_ENABLE_MODULES = YES;
				CODE_SIGN_STYLE = Automatic;
				INFOPLIST_FILE = YoutubeApp/Info.plist;
				LD_RUNPATH_SEARCH_PATHS = (
					"$(inherited)",
					"@executable_path/Frameworks",
				);
				PRODUCT_BUNDLE_IDENTIFIER = com.Ahmedanwar.YoutubeApp;
				PRODUCT_NAME = "$(TARGET_NAME)";
				SWIFT_OBJC_BRIDGING_HEADER = "YoutubeApp/YoutubeApp-Bridging-Header.h";
				SWIFT_OPTIMIZATION_LEVEL = "-Onone";
				SWIFT_VERSION = 5.0;
				TARGETED_DEVICE_FAMILY = "1,2";
			};
			name = Debug;
		};
		E2DAF926242A62EB00719AA6 /* Release */ = {
			isa = XCBuildConfiguration;
			baseConfigurationReference = 2FA75F95A8D15A67B61D35FE /* Pods-YoutubeApp.release.xcconfig */;
			buildSettings = {
				ASSETCATALOG_COMPILER_APPICON_NAME = AppIcon;
				CLANG_ENABLE_MODULES = YES;
				CODE_SIGN_STYLE = Automatic;
				INFOPLIST_FILE = YoutubeApp/Info.plist;
				LD_RUNPATH_SEARCH_PATHS = (
					"$(inherited)",
					"@executable_path/Frameworks",
				);
				PRODUCT_BUNDLE_IDENTIFIER = com.Ahmedanwar.YoutubeApp;
				PRODUCT_NAME = "$(TARGET_NAME)";
				SWIFT_OBJC_BRIDGING_HEADER = "YoutubeApp/YoutubeApp-Bridging-Header.h";
				SWIFT_VERSION = 5.0;
				TARGETED_DEVICE_FAMILY = "1,2";
			};
			name = Release;
		};
/* End XCBuildConfiguration section */

/* Begin XCConfigurationList section */
		E2DAF90B242A62E900719AA6 /* Build configuration list for PBXProject "YoutubeApp" */ = {
			isa = XCConfigurationList;
			buildConfigurations = (
				E2DAF922242A62EB00719AA6 /* Debug */,
				E2DAF923242A62EB00719AA6 /* Release */,
			);
			defaultConfigurationIsVisible = 0;
			defaultConfigurationName = Release;
		};
		E2DAF924242A62EB00719AA6 /* Build configuration list for PBXNativeTarget "YoutubeApp" */ = {
			isa = XCConfigurationList;
			buildConfigurations = (
				E2DAF925242A62EB00719AA6 /* Debug */,
				E2DAF926242A62EB00719AA6 /* Release */,
			);
			defaultConfigurationIsVisible = 0;
			defaultConfigurationName = Release;
		};
/* End XCConfigurationList section */
	};
	rootObject = E2DAF908242A62E900719AA6 /* Project object */;
}
